
Microsoft Visual Studio Solution File, Format Version 12.00
# Visual Studio 2013
VisualStudioVersion = 12.0.31101.0
MinimumVisualStudioVersion = 10.0.40219.1
Project("{FAE04EC0-301F-11D3-BF4B-00C04F79EFBC}") = "MvcEKCabinets", "MvcEKCabinets\MvcEKCabinets.csproj", "{36463243-1975-426F-8848-1DE5825A336E}"
EndProject
Project("{FAE04EC0-301F-11D3-BF4B-00C04F79EFBC}") = "EkbDataAccess", "EkbDataAccess\EkbDataAccess.csproj", "{8D9FE0B9-F6D5-44B1-9282-537427AFF7FB}"
EndProject
Project("{FAE04EC0-301F-11D3-BF4B-00C04F79EFBC}") = "ConsoleToAddAdmins", "ConsoleToAddAdmins\ConsoleToAddAdmins.csproj", "{2E025AFE-9975-423C-BB5E-B37CE1CE7E73}"
EndProject
Global
	GlobalSection(SolutionConfigurationPlatforms) = preSolution
		Debug|Any CPU = Debug|Any CPU
		Release|Any CPU = Release|Any CPU
	EndGlobalSection
	GlobalSection(ProjectConfigurationPlatforms) = postSolution
		{36463243-1975-426F-8848-1DE5825A336E}.Debug|Any CPU.ActiveCfg = Debug|Any CPU
		{36463243-1975-426F-8848-1DE5825A336E}.Debug|Any CPU.Build.0 = Debug|Any CPU
		{36463243-1975-426F-8848-1DE5825A336E}.Release|Any CPU.ActiveCfg = Release|Any CPU
		{36463243-1975-426F-8848-1DE5825A336E}.Release|Any CPU.Build.0 = Release|Any CPU
		{8D9FE0B9-F6D5-44B1-9282-537427AFF7FB}.Debug|Any CPU.ActiveCfg = Debug|Any CPU
		{8D9FE0B9-F6D5-44B1-9282-537427AFF7FB}.Debug|Any CPU.Build.0 = Debug|Any CPU
		{8D9FE0B9-F6D5-44B1-9282-537427AFF7FB}.Release|Any CPU.ActiveCfg = Release|Any CPU
		{8D9FE0B9-F6D5-44B1-9282-537427AFF7FB}.Release|Any CPU.Build.0 = Release|Any CPU
		{2E025AFE-9975-423C-BB5E-B37CE1CE7E73}.Debug|Any CPU.ActiveCfg = Debug|Any CPU
		{2E025AFE-9975-423C-BB5E-B37CE1CE7E73}.Debug|Any CPU.Build.0 = Debug|Any CPU
		{2E025AFE-9975-423C-BB5E-B37CE1CE7E73}.Release|Any CPU.ActiveCfg = Release|Any CPU
		{2E025AFE-9975-423C-BB5E-B37CE1CE7E73}.Release|Any CPU.Build.0 = Release|Any CPU
	EndGlobalSection
	GlobalSection(SolutionProperties) = preSolution
		HideSolutionNode = FALSE
	EndGlobalSection
EndGlobal
